Microsoft Visual Studio Solution File, Format Version 12.00
# Visual Studio Version 16
VisualStudioVersion = 16.0.31624.102
MinimumVisualStudioVersion = 15.0.26124.0
Project("{9A19103F-16F7-4668-BE54-9A1E7A4F7556}") = "Signify.DEE.Svc", "Signify.DEE.Svc\Signify.DEE.Svc.csproj", "{A1925BB7-C04A-45BA-A37B-887B7A7418F0}"
	ProjectSection(ProjectDependencies) = postProject
		{1F0BDBA1-045E-4719-8452-49300184276B} = {1F0BDBA1-045E-4719-8452-49300184276B}
	EndProjectSection
EndProject
Project("{9A19103F-16F7-4668-BE54-9A1E7A4F7556}") = "Signify.DEE.Svc.Core.DI", "Signify.DEE.Svc.Core.DI\Signify.DEE.Svc.Core.DI.csproj", "{2556D5C2-DA16-4BFE-B769-E750CC29D7BB}"
EndProject
Project("{2150E333-8FDC-42A3-9474-1A3956D46DE8}") = "Solution Items", "Solution Items", "{01BBE2D8-23F7-497A-B62B-90400DEAD450}"
	ProjectSection(SolutionItems) = preProject
		..\k8s\deployment.yaml = ..\k8s\deployment.yaml
		..\docker-compose.yaml = ..\docker-compose.yaml
		NuGet.Config = NuGet.Config
		..\azure-pipeline.yaml = ..\azure-pipeline.yaml
	EndProjectSection
EndProject
Project("{9A19103F-16F7-4668-BE54-9A1E7A4F7556}") = "Signify.DEE.Svc.Core", "Signify.DEE.Svc.Core\Signify.DEE.Svc.Core.csproj", "{A13D5A84-C68D-4842-B15B-D903FCF9B36C}"
EndProject
Project("{9A19103F-16F7-4668-BE54-9A1E7A4F7556}") = "Signify.DEE.Svc.Core.Tests", "Signify.DEE.Svc.Core.Tests\Signify.DEE.Svc.Core.Tests.csproj", "{1F0BDBA1-045E-4719-8452-49300184276B}"
EndProject
Project("{FAE04EC0-301F-11D3-BF4B-00C04F79EFBC}") = "Signify.DEE.Messages", "Signify.DEE.Messages\Signify.DEE.Messages.csproj", "{2DD0B315-5D79-4C2B-A3E4-54F1E2E22403}"
EndProject
Project("{FAE04EC0-301F-11D3-BF4B-00C04F79EFBC}") = "Signify.DEE.Svc.System.Tests", "Signify.DEE.Svc.System.Tests\Signify.DEE.Svc.System.Tests.csproj", "{BAF6E468-B69F-4281-BAD7-5103BF336711}"
EndProject
Project("{FAE04EC0-301F-11D3-BF4B-00C04F79EFBC}") = "Signify.DEE.Svc.System.Tests.Core", "Signify.DEE.Svc.System.Tests.Core\Signify.DEE.Svc.System.Tests.Core.csproj", "{A694EF3C-28C9-4F2F-A57B-876F2B532CBB}"
EndProject
Global
	GlobalSection(SolutionConfigurationPlatforms) = preSolution
		Debug|Any CPU = Debug|Any CPU
		Debug|x64 = Debug|x64
		Debug|x86 = Debug|x86
		Karate|Any CPU = Karate|Any CPU
		Karate|x64 = Karate|x64
		Karate|x86 = Karate|x86
		Release|Any CPU = Release|Any CPU
		Release|x64 = Release|x64
		Release|x86 = Release|x86
	EndGlobalSection
	GlobalSection(ProjectConfigurationPlatforms) = postSolution
		{A1925BB7-C04A-45BA-A37B-887B7A7418F0}.Debug|Any CPU.ActiveCfg = Debug|Any CPU
		{A1925BB7-C04A-45BA-A37B-887B7A7418F0}.Debug|Any CPU.Build.0 = Debug|Any CPU
		{A1925BB7-C04A-45BA-A37B-887B7A7418F0}.Debug|x64.ActiveCfg = Debug|Any CPU
		{A1925BB7-C04A-45BA-A37B-887B7A7418F0}.Debug|x64.Build.0 = Debug|Any CPU
		{A1925BB7-C04A-45BA-A37B-887B7A7418F0}.Debug|x86.ActiveCfg = Debug|Any CPU
		{A1925BB7-C04A-45BA-A37B-887B7A7418F0}.Debug|x86.Build.0 = Debug|Any CPU
		{A1925BB7-C04A-45BA-A37B-887B7A7418F0}.Karate|Any CPU.ActiveCfg = Release|Any CPU
		{A1925BB7-C04A-45BA-A37B-887B7A7418F0}.Karate|Any CPU.Build.0 = Release|Any CPU
		{A1925BB7-C04A-45BA-A37B-887B7A7418F0}.Karate|x64.ActiveCfg = Release|Any CPU
		{A1925BB7-C04A-45BA-A37B-887B7A7418F0}.Karate|x64.Build.0 = Release|Any CPU
		{A1925BB7-C04A-45BA-A37B-887B7A7418F0}.Karate|x86.ActiveCfg = Release|Any CPU
		{A1925BB7-C04A-45BA-A37B-887B7A7418F0}.Karate|x86.Build.0 = Release|Any CPU
		{A1925BB7-C04A-45BA-A37B-887B7A7418F0}.Release|Any CPU.ActiveCfg = Release|Any CPU
		{A1925BB7-C04A-45BA-A37B-887B7A7418F0}.Release|Any CPU.Build.0 = Release|Any CPU
		{A1925BB7-C04A-45BA-A37B-887B7A7418F0}.Release|x64.ActiveCfg = Release|Any CPU
		{A1925BB7-C04A-45BA-A37B-887B7A7418F0}.Release|x64.Build.0 = Release|Any CPU
		{A1925BB7-C04A-45BA-A37B-887B7A7418F0}.Release|x86.ActiveCfg = Release|Any CPU
		{A1925BB7-C04A-45BA-A37B-887B7A7418F0}.Release|x86.Build.0 = Release|Any CPU
		{2556D5C2-DA16-4BFE-B769-E750CC29D7BB}.Debug|Any CPU.ActiveCfg = Debug|Any CPU
		{2556D5C2-DA16-4BFE-B769-E750CC29D7BB}.Debug|Any CPU.Build.0 = Debug|Any CPU
		{2556D5C2-DA16-4BFE-B769-E750CC29D7BB}.Debug|x64.ActiveCfg = Debug|Any CPU
		{2556D5C2-DA16-4BFE-B769-E750CC29D7BB}.Debug|x64.Build.0 = Debug|Any CPU
		{2556D5C2-DA16-4BFE-B769-E750CC29D7BB}.Debug|x86.ActiveCfg = Debug|Any CPU
		{2556D5C2-DA16-4BFE-B769-E750CC29D7BB}.Debug|x86.Build.0 = Debug|Any CPU
		{2556D5C2-DA16-4BFE-B769-E750CC29D7BB}.Karate|Any CPU.ActiveCfg = Release|Any CPU
		{2556D5C2-DA16-4BFE-B769-E750CC29D7BB}.Karate|Any CPU.Build.0 = Release|Any CPU
		{2556D5C2-DA16-4BFE-B769-E750CC29D7BB}.Karate|x64.ActiveCfg = Release|Any CPU
		{2556D5C2-DA16-4BFE-B769-E750CC29D7BB}.Karate|x64.Build.0 = Release|Any CPU
		{2556D5C2-DA16-4BFE-B769-E750CC29D7BB}.Karate|x86.ActiveCfg = Release|Any CPU
		{2556D5C2-DA16-4BFE-B769-E750CC29D7BB}.Karate|x86.Build.0 = Release|Any CPU
		{2556D5C2-DA16-4BFE-B769-E750CC29D7BB}.Release|Any CPU.ActiveCfg = Release|Any CPU
		{2556D5C2-DA16-4BFE-B769-E750CC29D7BB}.Release|Any CPU.Build.0 = Release|Any CPU
		{2556D5C2-DA16-4BFE-B769-E750CC29D7BB}.Release|x64.ActiveCfg = Release|Any CPU
		{2556D5C2-DA16-4BFE-B769-E750CC29D7BB}.Release|x64.Build.0 = Release|Any CPU
		{2556D5C2-DA16-4BFE-B769-E750CC29D7BB}.Release|x86.ActiveCfg = Release|Any CPU
		{2556D5C2-DA16-4BFE-B769-E750CC29D7BB}.Release|x86.Build.0 = Release|Any CPU
		{A13D5A84-C68D-4842-B15B-D903FCF9B36C}.Debug|Any CPU.ActiveCfg = Debug|Any CPU
		{A13D5A84-C68D-4842-B15B-D903FCF9B36C}.Debug|Any CPU.Build.0 = Debug|Any CPU
		{A13D5A84-C68D-4842-B15B-D903FCF9B36C}.Debug|x64.ActiveCfg = Debug|Any CPU
		{A13D5A84-C68D-4842-B15B-D903FCF9B36C}.Debug|x64.Build.0 = Debug|Any CPU
		{A13D5A84-C68D-4842-B15B-D903FCF9B36C}.Debug|x86.ActiveCfg = Debug|Any CPU
		{A13D5A84-C68D-4842-B15B-D903FCF9B36C}.Debug|x86.Build.0 = Debug|Any CPU
		{A13D5A84-C68D-4842-B15B-D903FCF9B36C}.Karate|Any CPU.ActiveCfg = Debug|Any CPU
		{A13D5A84-C68D-4842-B15B-D903FCF9B36C}.Karate|Any CPU.Build.0 = Debug|Any CPU
		{A13D5A84-C68D-4842-B15B-D903FCF9B36C}.Karate|x64.ActiveCfg = Debug|Any CPU
		{A13D5A84-C68D-4842-B15B-D903FCF9B36C}.Karate|x64.Build.0 = Debug|Any CPU
		{A13D5A84-C68D-4842-B15B-D903FCF9B36C}.Karate|x86.ActiveCfg = Debug|Any CPU
		{A13D5A84-C68D-4842-B15B-D903FCF9B36C}.Karate|x86.Build.0 = Debug|Any CPU
		{A13D5A84-C68D-4842-B15B-D903FCF9B36C}.Release|Any CPU.ActiveCfg = Release|Any CPU
		{A13D5A84-C68D-4842-B15B-D903FCF9B36C}.Release|Any CPU.Build.0 = Release|Any CPU
		{A13D5A84-C68D-4842-B15B-D903FCF9B36C}.Release|x64.ActiveCfg = Release|Any CPU
		{A13D5A84-C68D-4842-B15B-D903FCF9B36C}.Release|x64.Build.0 = Release|Any CPU
		{A13D5A84-C68D-4842-B15B-D903FCF9B36C}.Release|x86.ActiveCfg = Release|Any CPU
		{A13D5A84-C68D-4842-B15B-D903FCF9B36C}.Release|x86.Build.0 = Release|Any CPU
		{1F0BDBA1-045E-4719-8452-49300184276B}.Debug|Any CPU.ActiveCfg = Debug|Any CPU
		{1F0BDBA1-045E-4719-8452-49300184276B}.Debug|Any CPU.Build.0 = Debug|Any CPU
		{1F0BDBA1-045E-4719-8452-49300184276B}.Debug|x64.ActiveCfg = Debug|Any CPU
		{1F0BDBA1-045E-4719-8452-49300184276B}.Debug|x64.Build.0 = Debug|Any CPU
		{1F0BDBA1-045E-4719-8452-49300184276B}.Debug|x86.ActiveCfg = Debug|Any CPU
		{1F0BDBA1-045E-4719-8452-49300184276B}.Debug|x86.Build.0 = Debug|Any CPU
		{1F0BDBA1-045E-4719-8452-49300184276B}.Karate|Any CPU.ActiveCfg = Release|Any CPU
		{1F0BDBA1-045E-4719-8452-49300184276B}.Karate|Any CPU.Build.0 = Release|Any CPU
		{1F0BDBA1-045E-4719-8452-49300184276B}.Karate|x64.ActiveCfg = Release|Any CPU
		{1F0BDBA1-045E-4719-8452-49300184276B}.Karate|x64.Build.0 = Release|Any CPU
		{1F0BDBA1-045E-4719-8452-49300184276B}.Karate|x86.ActiveCfg = Release|Any CPU
		{1F0BDBA1-045E-4719-8452-49300184276B}.Karate|x86.Build.0 = Release|Any CPU
		{1F0BDBA1-045E-4719-8452-49300184276B}.Release|Any CPU.ActiveCfg = Release|Any CPU
		{1F0BDBA1-045E-4719-8452-49300184276B}.Release|Any CPU.Build.0 = Release|Any CPU
		{1F0BDBA1-045E-4719-8452-49300184276B}.Release|x64.ActiveCfg = Release|Any CPU
		{1F0BDBA1-045E-4719-8452-49300184276B}.Release|x64.Build.0 = Release|Any CPU
		{1F0BDBA1-045E-4719-8452-49300184276B}.Release|x86.ActiveCfg = Release|Any CPU
		{1F0BDBA1-045E-4719-8452-49300184276B}.Release|x86.Build.0 = Release|Any CPU
		{2DD0B315-5D79-4C2B-A3E4-54F1E2E22403}.Debug|Any CPU.ActiveCfg = Debug|Any CPU
		{2DD0B315-5D79-4C2B-A3E4-54F1E2E22403}.Debug|Any CPU.Build.0 = Debug|Any CPU
		{2DD0B315-5D79-4C2B-A3E4-54F1E2E22403}.Debug|x64.ActiveCfg = Debug|Any CPU
		{2DD0B315-5D79-4C2B-A3E4-54F1E2E22403}.Debug|x64.Build.0 = Debug|Any CPU
		{2DD0B315-5D79-4C2B-A3E4-54F1E2E22403}.Debug|x86.ActiveCfg = Debug|Any CPU
		{2DD0B315-5D79-4C2B-A3E4-54F1E2E22403}.Debug|x86.Build.0 = Debug|Any CPU
		{2DD0B315-5D79-4C2B-A3E4-54F1E2E22403}.Karate|Any CPU.ActiveCfg = Debug|Any CPU
		{2DD0B315-5D79-4C2B-A3E4-54F1E2E22403}.Karate|Any CPU.Build.0 = Debug|Any CPU
		{2DD0B315-5D79-4C2B-A3E4-54F1E2E22403}.Karate|x64.ActiveCfg = Debug|Any CPU
		{2DD0B315-5D79-4C2B-A3E4-54F1E2E22403}.Karate|x64.Build.0 = Debug|Any CPU
		{2DD0B315-5D79-4C2B-A3E4-54F1E2E22403}.Karate|x86.ActiveCfg = Debug|Any CPU
		{2DD0B315-5D79-4C2B-A3E4-54F1E2E22403}.Karate|x86.Build.0 = Debug|Any CPU
		{2DD0B315-5D79-4C2B-A3E4-54F1E2E22403}.Release|Any CPU.ActiveCfg = Release|Any CPU
		{2DD0B315-5D79-4C2B-A3E4-54F1E2E22403}.Release|Any CPU.Build.0 = Release|Any CPU
		{2DD0B315-5D79-4C2B-A3E4-54F1E2E22403}.Release|x64.ActiveCfg = Release|Any CPU
		{2DD0B315-5D79-4C2B-A3E4-54F1E2E22403}.Release|x64.Build.0 = Release|Any CPU
		{2DD0B315-5D79-4C2B-A3E4-54F1E2E22403}.Release|x86.ActiveCfg = Release|Any CPU
		{2DD0B315-5D79-4C2B-A3E4-54F1E2E22403}.Release|x86.Build.0 = Release|Any CPU
		{BAF6E468-B69F-4281-BAD7-5103BF336711}.Debug|Any CPU.ActiveCfg = Debug|Any CPU
		{BAF6E468-B69F-4281-BAD7-5103BF336711}.Debug|Any CPU.Build.0 = Debug|Any CPU
		{BAF6E468-B69F-4281-BAD7-5103BF336711}.Debug|x64.ActiveCfg = Debug|Any CPU
		{BAF6E468-B69F-4281-BAD7-5103BF336711}.Debug|x64.Build.0 = Debug|Any CPU
		{BAF6E468-B69F-4281-BAD7-5103BF336711}.Debug|x86.ActiveCfg = Debug|Any CPU
		{BAF6E468-B69F-4281-BAD7-5103BF336711}.Debug|x86.Build.0 = Debug|Any CPU
		{BAF6E468-B69F-4281-BAD7-5103BF336711}.Karate|Any CPU.ActiveCfg = Debug|Any CPU
		{BAF6E468-B69F-4281-BAD7-5103BF336711}.Karate|Any CPU.Build.0 = Debug|Any CPU
		{BAF6E468-B69F-4281-BAD7-5103BF336711}.Karate|x64.ActiveCfg = Debug|Any CPU
		{BAF6E468-B69F-4281-BAD7-5103BF336711}.Karate|x64.Build.0 = Debug|Any CPU
		{BAF6E468-B69F-4281-BAD7-5103BF336711}.Karate|x86.ActiveCfg = Debug|Any CPU
		{BAF6E468-B69F-4281-BAD7-5103BF336711}.Karate|x86.Build.0 = Debug|Any CPU
		{BAF6E468-B69F-4281-BAD7-5103BF336711}.Release|Any CPU.ActiveCfg = Release|Any CPU
		{BAF6E468-B69F-4281-BAD7-5103BF336711}.Release|Any CPU.Build.0 = Release|Any CPU
		{BAF6E468-B69F-4281-BAD7-5103BF336711}.Release|x64.ActiveCfg = Release|Any CPU
		{BAF6E468-B69F-4281-BAD7-5103BF336711}.Release|x64.Build.0 = Release|Any CPU
		{BAF6E468-B69F-4281-BAD7-5103BF336711}.Release|x86.ActiveCfg = Release|Any CPU
		{BAF6E468-B69F-4281-BAD7-5103BF336711}.Release|x86.Build.0 = Release|Any CPU
		{A694EF3C-28C9-4F2F-A57B-876F2B532CBB}.Debug|Any CPU.ActiveCfg = Debug|Any CPU
		{A694EF3C-28C9-4F2F-A57B-876F2B532CBB}.Debug|Any CPU.Build.0 = Debug|Any CPU
		{A694EF3C-28C9-4F2F-A57B-876F2B532CBB}.Debug|x64.ActiveCfg = Debug|Any CPU
		{A694EF3C-28C9-4F2F-A57B-876F2B532CBB}.Debug|x64.Build.0 = Debug|Any CPU
		{A694EF3C-28C9-4F2F-A57B-876F2B532CBB}.Debug|x86.ActiveCfg = Debug|Any CPU
		{A694EF3C-28C9-4F2F-A57B-876F2B532CBB}.Debug|x86.Build.0 = Debug|Any CPU
		{A694EF3C-28C9-4F2F-A57B-876F2B532CBB}.Karate|Any CPU.ActiveCfg = Debug|Any CPU
		{A694EF3C-28C9-4F2F-A57B-876F2B532CBB}.Karate|Any CPU.Build.0 = Debug|Any CPU
		{A694EF3C-28C9-4F2F-A57B-876F2B532CBB}.Karate|x64.ActiveCfg = Debug|Any CPU
		{A694EF3C-28C9-4F2F-A57B-876F2B532CBB}.Karate|x64.Build.0 = Debug|Any CPU
		{A694EF3C-28C9-4F2F-A57B-876F2B532CBB}.Karate|x86.ActiveCfg = Debug|Any CPU
		{A694EF3C-28C9-4F2F-A57B-876F2B532CBB}.Karate|x86.Build.0 = Debug|Any CPU
		{A694EF3C-28C9-4F2F-A57B-876F2B532CBB}.Release|Any CPU.ActiveCfg = Release|Any CPU
		{A694EF3C-28C9-4F2F-A57B-876F2B532CBB}.Release|Any CPU.Build.0 = Release|Any CPU
		{A694EF3C-28C9-4F2F-A57B-876F2B532CBB}.Release|x64.ActiveCfg = Release|Any CPU
		{A694EF3C-28C9-4F2F-A57B-876F2B532CBB}.Release|x64.Build.0 = Release|Any CPU
		{A694EF3C-28C9-4F2F-A57B-876F2B532CBB}.Release|x86.ActiveCfg = Release|Any CPU
		{A694EF3C-28C9-4F2F-A57B-876F2B532CBB}.Release|x86.Build.0 = Release|Any CPU
	EndGlobalSection
	GlobalSection(SolutionProperties) = preSolution
		HideSolutionNode = FALSE
	EndGlobalSection
	GlobalSection(ExtensibilityGlobals) = postSolution
		SolutionGuid = {6A408360-101A-4FC7-9434-21016090731F}
	EndGlobalSection
EndGlobal
