Microsoft Visual Studio Solution File, Format Version 12.00
# Visual Studio Version 17
VisualStudioVersion = 17.0.0.0
MinimumVisualStudioVersion = 17.0.0.0
Project("{9A19103F-16F7-4668-BE54-9A1E7A4F7556}") = "Signify.eGFR.Svc", "Signify.eGFR.Svc\Signify.eGFR.Svc.csproj", "{A1925BB7-C04A-45BA-A37B-887B7A7418F0}"
EndProject
Project("{9A19103F-16F7-4668-BE54-9A1E7A4F7556}") = "Signify.eGFR.Core.DI", "Signify.eGFR.Core.DI\Signify.eGFR.Core.DI.csproj", "{2556D5C2-DA16-4BFE-B769-E750CC29D7BB}"
EndProject
Project("{2150E333-8FDC-42A3-9474-1A3956D46DE8}") = "Solution Items", "Solution Items", "{01BBE2D8-23F7-497A-B62B-90400DEAD450}"
	ProjectSection(SolutionItems) = preProject
		..\k8s\deployment.yaml = ..\k8s\deployment.yaml
		NuGet.Config = NuGet.Config
		..\catalog-info.yaml = ..\catalog-info.yaml
		..\docker-compose.yaml = ..\docker-compose.yaml
		..\mkdocs.yaml = ..\mkdocs.yaml
	EndProjectSection
EndProject
Project("{9A19103F-16F7-4668-BE54-9A1E7A4F7556}") = "Signify.eGFR.Core.Tests", "Signify.eGFR.Core.Tests\Signify.eGFR.Core.Tests.csproj", "{1F0BDBA1-045E-4719-8452-49300184276B}"
EndProject
Project("{9A19103F-16F7-4668-BE54-9A1E7A4F7556}") = "Signify.eGFR.Core", "Signify.eGFR.Core\Signify.eGFR.Core.csproj", "{A13D5A84-C68D-4842-B15B-D903FCF9B36C}"
EndProject
Project("{FAE04EC0-301F-11D3-BF4B-00C04F79EFBC}") = "Signify.eGFR.System.Tests.Core", "Signify.eGFR.System.Tests.Core\Signify.eGFR.System.Tests.Core.csproj", "{EB2789A4-5CC8-4818-B6E8-8502E87F99EF}"
EndProject
Project("{FAE04EC0-301F-11D3-BF4B-00C04F79EFBC}") = "Signify.eGFR.System.Tests", "Signify.eGFR.System.Tests\Signify.eGFR.System.Tests.csproj", "{F154DB75-17CA-4905-A4E6-E0DA7A893CE6}"
EndProject
Project("{2150E333-8FDC-42A3-9474-1A3956D46DE8}") = "azpipelines", "azpipelines", "{9F25DE8E-5F04-42E1-8F7E-1F9BBE7DEE3A}"
	ProjectSection(SolutionItems) = preProject
		..\azpipelines\flyway-build.yaml = ..\azpipelines\flyway-build.yaml
		..\azpipelines\build.yaml = ..\azpipelines\build.yaml
		..\azpipelines\automated-system-tests.yaml = ..\azpipelines\automated-system-tests.yaml
		..\azpipelines\automated-system-tests-prod.yaml = ..\azpipelines\automated-system-tests-prod.yaml
		..\azpipelines\automate-deploy.yaml = ..\azpipelines\automate-deploy.yaml
	EndProjectSection
EndProject
Project("{2150E333-8FDC-42A3-9474-1A3956D46DE8}") = "vars", "vars", "{5FAF045A-3BC8-42F8-A024-E52417E473C8}"
	ProjectSection(SolutionItems) = preProject
		..\azpipelines\vars\varsDEV.yaml = ..\azpipelines\vars\varsDEV.yaml
		..\azpipelines\vars\varsUAT.yaml = ..\azpipelines\vars\varsUAT.yaml
		..\azpipelines\vars\varsQA.yaml = ..\azpipelines\vars\varsQA.yaml
		..\azpipelines\vars\varsPROD.yaml = ..\azpipelines\vars\varsPROD.yaml
	EndProjectSection
EndProject
Global
	GlobalSection(SolutionConfigurationPlatforms) = preSolution
		Debug|Any CPU = Debug|Any CPU
		Debug|x64 = Debug|x64
		Debug|x86 = Debug|x86
		Karate|Any CPU = Karate|Any CPU
		Karate|x64 = Karate|x64
		Karate|x86 = Karate|x86
		Release|Any CPU = Release|Any CPU
		Release|x64 = Release|x64
		Release|x86 = Release|x86
	EndGlobalSection
	GlobalSection(ProjectConfigurationPlatforms) = postSolution
		{A1925BB7-C04A-45BA-A37B-887B7A7418F0}.Debug|Any CPU.ActiveCfg = Debug|Any CPU
		{A1925BB7-C04A-45BA-A37B-887B7A7418F0}.Debug|Any CPU.Build.0 = Debug|Any CPU
		{A1925BB7-C04A-45BA-A37B-887B7A7418F0}.Debug|x64.ActiveCfg = Debug|Any CPU
		{A1925BB7-C04A-45BA-A37B-887B7A7418F0}.Debug|x64.Build.0 = Debug|Any CPU
		{A1925BB7-C04A-45BA-A37B-887B7A7418F0}.Debug|x86.ActiveCfg = Debug|Any CPU
		{A1925BB7-C04A-45BA-A37B-887B7A7418F0}.Debug|x86.Build.0 = Debug|Any CPU
		{A1925BB7-C04A-45BA-A37B-887B7A7418F0}.Karate|Any CPU.ActiveCfg = Release|Any CPU
		{A1925BB7-C04A-45BA-A37B-887B7A7418F0}.Karate|Any CPU.Build.0 = Release|Any CPU
		{A1925BB7-C04A-45BA-A37B-887B7A7418F0}.Karate|x64.ActiveCfg = Release|Any CPU
		{A1925BB7-C04A-45BA-A37B-887B7A7418F0}.Karate|x64.Build.0 = Release|Any CPU
		{A1925BB7-C04A-45BA-A37B-887B7A7418F0}.Karate|x86.ActiveCfg = Release|Any CPU
		{A1925BB7-C04A-45BA-A37B-887B7A7418F0}.Karate|x86.Build.0 = Release|Any CPU
		{A1925BB7-C04A-45BA-A37B-887B7A7418F0}.Release|Any CPU.ActiveCfg = Release|Any CPU
		{A1925BB7-C04A-45BA-A37B-887B7A7418F0}.Release|Any CPU.Build.0 = Release|Any CPU
		{A1925BB7-C04A-45BA-A37B-887B7A7418F0}.Release|x64.ActiveCfg = Release|Any CPU
		{A1925BB7-C04A-45BA-A37B-887B7A7418F0}.Release|x64.Build.0 = Release|Any CPU
		{A1925BB7-C04A-45BA-A37B-887B7A7418F0}.Release|x86.ActiveCfg = Release|Any CPU
		{A1925BB7-C04A-45BA-A37B-887B7A7418F0}.Release|x86.Build.0 = Release|Any CPU
		{2556D5C2-DA16-4BFE-B769-E750CC29D7BB}.Debug|Any CPU.ActiveCfg = Debug|Any CPU
		{2556D5C2-DA16-4BFE-B769-E750CC29D7BB}.Debug|Any CPU.Build.0 = Debug|Any CPU
		{2556D5C2-DA16-4BFE-B769-E750CC29D7BB}.Debug|x64.ActiveCfg = Debug|Any CPU
		{2556D5C2-DA16-4BFE-B769-E750CC29D7BB}.Debug|x64.Build.0 = Debug|Any CPU
		{2556D5C2-DA16-4BFE-B769-E750CC29D7BB}.Debug|x86.ActiveCfg = Debug|Any CPU
		{2556D5C2-DA16-4BFE-B769-E750CC29D7BB}.Debug|x86.Build.0 = Debug|Any CPU
		{2556D5C2-DA16-4BFE-B769-E750CC29D7BB}.Karate|Any CPU.ActiveCfg = Release|Any CPU
		{2556D5C2-DA16-4BFE-B769-E750CC29D7BB}.Karate|Any CPU.Build.0 = Release|Any CPU
		{2556D5C2-DA16-4BFE-B769-E750CC29D7BB}.Karate|x64.ActiveCfg = Release|Any CPU
		{2556D5C2-DA16-4BFE-B769-E750CC29D7BB}.Karate|x64.Build.0 = Release|Any CPU
		{2556D5C2-DA16-4BFE-B769-E750CC29D7BB}.Karate|x86.ActiveCfg = Release|Any CPU
		{2556D5C2-DA16-4BFE-B769-E750CC29D7BB}.Karate|x86.Build.0 = Release|Any CPU
		{2556D5C2-DA16-4BFE-B769-E750CC29D7BB}.Release|Any CPU.ActiveCfg = Release|Any CPU
		{2556D5C2-DA16-4BFE-B769-E750CC29D7BB}.Release|Any CPU.Build.0 = Release|Any CPU
		{2556D5C2-DA16-4BFE-B769-E750CC29D7BB}.Release|x64.ActiveCfg = Release|Any CPU
		{2556D5C2-DA16-4BFE-B769-E750CC29D7BB}.Release|x64.Build.0 = Release|Any CPU
		{2556D5C2-DA16-4BFE-B769-E750CC29D7BB}.Release|x86.ActiveCfg = Release|Any CPU
		{2556D5C2-DA16-4BFE-B769-E750CC29D7BB}.Release|x86.Build.0 = Release|Any CPU
		{1F0BDBA1-045E-4719-8452-49300184276B}.Debug|Any CPU.ActiveCfg = Debug|Any CPU
		{1F0BDBA1-045E-4719-8452-49300184276B}.Debug|Any CPU.Build.0 = Debug|Any CPU
		{1F0BDBA1-045E-4719-8452-49300184276B}.Debug|x64.ActiveCfg = Debug|Any CPU
		{1F0BDBA1-045E-4719-8452-49300184276B}.Debug|x64.Build.0 = Debug|Any CPU
		{1F0BDBA1-045E-4719-8452-49300184276B}.Debug|x86.ActiveCfg = Debug|Any CPU
		{1F0BDBA1-045E-4719-8452-49300184276B}.Debug|x86.Build.0 = Debug|Any CPU
		{1F0BDBA1-045E-4719-8452-49300184276B}.Karate|Any CPU.ActiveCfg = Release|Any CPU
		{1F0BDBA1-045E-4719-8452-49300184276B}.Karate|Any CPU.Build.0 = Release|Any CPU
		{1F0BDBA1-045E-4719-8452-49300184276B}.Karate|x64.ActiveCfg = Release|Any CPU
		{1F0BDBA1-045E-4719-8452-49300184276B}.Karate|x64.Build.0 = Release|Any CPU
		{1F0BDBA1-045E-4719-8452-49300184276B}.Karate|x86.ActiveCfg = Release|Any CPU
		{1F0BDBA1-045E-4719-8452-49300184276B}.Karate|x86.Build.0 = Release|Any CPU
		{1F0BDBA1-045E-4719-8452-49300184276B}.Release|Any CPU.ActiveCfg = Release|Any CPU
		{1F0BDBA1-045E-4719-8452-49300184276B}.Release|Any CPU.Build.0 = Release|Any CPU
		{1F0BDBA1-045E-4719-8452-49300184276B}.Release|x64.ActiveCfg = Release|Any CPU
		{1F0BDBA1-045E-4719-8452-49300184276B}.Release|x64.Build.0 = Release|Any CPU
		{1F0BDBA1-045E-4719-8452-49300184276B}.Release|x86.ActiveCfg = Release|Any CPU
		{1F0BDBA1-045E-4719-8452-49300184276B}.Release|x86.Build.0 = Release|Any CPU
		{A13D5A84-C68D-4842-B15B-D903FCF9B36C}.Debug|Any CPU.ActiveCfg = Debug|Any CPU
		{A13D5A84-C68D-4842-B15B-D903FCF9B36C}.Debug|Any CPU.Build.0 = Debug|Any CPU
		{A13D5A84-C68D-4842-B15B-D903FCF9B36C}.Debug|x64.ActiveCfg = Debug|Any CPU
		{A13D5A84-C68D-4842-B15B-D903FCF9B36C}.Debug|x64.Build.0 = Debug|Any CPU
		{A13D5A84-C68D-4842-B15B-D903FCF9B36C}.Debug|x86.ActiveCfg = Debug|Any CPU
		{A13D5A84-C68D-4842-B15B-D903FCF9B36C}.Debug|x86.Build.0 = Debug|Any CPU
		{A13D5A84-C68D-4842-B15B-D903FCF9B36C}.Karate|Any CPU.ActiveCfg = Debug|Any CPU
		{A13D5A84-C68D-4842-B15B-D903FCF9B36C}.Karate|Any CPU.Build.0 = Debug|Any CPU
		{A13D5A84-C68D-4842-B15B-D903FCF9B36C}.Karate|x64.ActiveCfg = Debug|Any CPU
		{A13D5A84-C68D-4842-B15B-D903FCF9B36C}.Karate|x64.Build.0 = Debug|Any CPU
		{A13D5A84-C68D-4842-B15B-D903FCF9B36C}.Karate|x86.ActiveCfg = Debug|Any CPU
		{A13D5A84-C68D-4842-B15B-D903FCF9B36C}.Karate|x86.Build.0 = Debug|Any CPU
		{A13D5A84-C68D-4842-B15B-D903FCF9B36C}.Release|Any CPU.ActiveCfg = Release|Any CPU
		{A13D5A84-C68D-4842-B15B-D903FCF9B36C}.Release|Any CPU.Build.0 = Release|Any CPU
		{A13D5A84-C68D-4842-B15B-D903FCF9B36C}.Release|x64.ActiveCfg = Release|Any CPU
		{A13D5A84-C68D-4842-B15B-D903FCF9B36C}.Release|x64.Build.0 = Release|Any CPU
		{A13D5A84-C68D-4842-B15B-D903FCF9B36C}.Release|x86.ActiveCfg = Release|Any CPU
		{A13D5A84-C68D-4842-B15B-D903FCF9B36C}.Release|x86.Build.0 = Release|Any CPU
		{5546731B-DB05-48B3-A0E8-0CFEE1AAAC1E}.Debug|Any CPU.ActiveCfg = Debug|Any CPU
		{5546731B-DB05-48B3-A0E8-0CFEE1AAAC1E}.Debug|Any CPU.Build.0 = Debug|Any CPU
		{5546731B-DB05-48B3-A0E8-0CFEE1AAAC1E}.Debug|x64.ActiveCfg = Debug|Any CPU
		{5546731B-DB05-48B3-A0E8-0CFEE1AAAC1E}.Debug|x64.Build.0 = Debug|Any CPU
		{5546731B-DB05-48B3-A0E8-0CFEE1AAAC1E}.Debug|x86.ActiveCfg = Debug|Any CPU
		{5546731B-DB05-48B3-A0E8-0CFEE1AAAC1E}.Debug|x86.Build.0 = Debug|Any CPU
		{5546731B-DB05-48B3-A0E8-0CFEE1AAAC1E}.Karate|Any CPU.ActiveCfg = Debug|Any CPU
		{5546731B-DB05-48B3-A0E8-0CFEE1AAAC1E}.Karate|Any CPU.Build.0 = Debug|Any CPU
		{5546731B-DB05-48B3-A0E8-0CFEE1AAAC1E}.Karate|x64.ActiveCfg = Debug|Any CPU
		{5546731B-DB05-48B3-A0E8-0CFEE1AAAC1E}.Karate|x64.Build.0 = Debug|Any CPU
		{5546731B-DB05-48B3-A0E8-0CFEE1AAAC1E}.Karate|x86.ActiveCfg = Debug|Any CPU
		{5546731B-DB05-48B3-A0E8-0CFEE1AAAC1E}.Karate|x86.Build.0 = Debug|Any CPU
		{5546731B-DB05-48B3-A0E8-0CFEE1AAAC1E}.Release|Any CPU.ActiveCfg = Release|Any CPU
		{5546731B-DB05-48B3-A0E8-0CFEE1AAAC1E}.Release|Any CPU.Build.0 = Release|Any CPU
		{5546731B-DB05-48B3-A0E8-0CFEE1AAAC1E}.Release|x64.ActiveCfg = Release|Any CPU
		{5546731B-DB05-48B3-A0E8-0CFEE1AAAC1E}.Release|x64.Build.0 = Release|Any CPU
		{5546731B-DB05-48B3-A0E8-0CFEE1AAAC1E}.Release|x86.ActiveCfg = Release|Any CPU
		{5546731B-DB05-48B3-A0E8-0CFEE1AAAC1E}.Release|x86.Build.0 = Release|Any CPU
		{BD3E6D7E-9E5E-4801-9C67-D23A95D68DA7}.Debug|Any CPU.ActiveCfg = Debug|Any CPU
		{BD3E6D7E-9E5E-4801-9C67-D23A95D68DA7}.Debug|Any CPU.Build.0 = Debug|Any CPU
		{BD3E6D7E-9E5E-4801-9C67-D23A95D68DA7}.Debug|x64.ActiveCfg = Debug|Any CPU
		{BD3E6D7E-9E5E-4801-9C67-D23A95D68DA7}.Debug|x64.Build.0 = Debug|Any CPU
		{BD3E6D7E-9E5E-4801-9C67-D23A95D68DA7}.Debug|x86.ActiveCfg = Debug|Any CPU
		{BD3E6D7E-9E5E-4801-9C67-D23A95D68DA7}.Debug|x86.Build.0 = Debug|Any CPU
		{BD3E6D7E-9E5E-4801-9C67-D23A95D68DA7}.Karate|Any CPU.ActiveCfg = Debug|Any CPU
		{BD3E6D7E-9E5E-4801-9C67-D23A95D68DA7}.Karate|Any CPU.Build.0 = Debug|Any CPU
		{BD3E6D7E-9E5E-4801-9C67-D23A95D68DA7}.Karate|x64.ActiveCfg = Debug|Any CPU
		{BD3E6D7E-9E5E-4801-9C67-D23A95D68DA7}.Karate|x64.Build.0 = Debug|Any CPU
		{BD3E6D7E-9E5E-4801-9C67-D23A95D68DA7}.Karate|x86.ActiveCfg = Debug|Any CPU
		{BD3E6D7E-9E5E-4801-9C67-D23A95D68DA7}.Karate|x86.Build.0 = Debug|Any CPU
		{BD3E6D7E-9E5E-4801-9C67-D23A95D68DA7}.Release|Any CPU.ActiveCfg = Release|Any CPU
		{BD3E6D7E-9E5E-4801-9C67-D23A95D68DA7}.Release|Any CPU.Build.0 = Release|Any CPU
		{BD3E6D7E-9E5E-4801-9C67-D23A95D68DA7}.Release|x64.ActiveCfg = Release|Any CPU
		{BD3E6D7E-9E5E-4801-9C67-D23A95D68DA7}.Release|x64.Build.0 = Release|Any CPU
		{BD3E6D7E-9E5E-4801-9C67-D23A95D68DA7}.Release|x86.ActiveCfg = Release|Any CPU
		{BD3E6D7E-9E5E-4801-9C67-D23A95D68DA7}.Release|x86.Build.0 = Release|Any CPU
		{EB2789A4-5CC8-4818-B6E8-8502E87F99EF}.Debug|Any CPU.ActiveCfg = Debug|Any CPU
		{EB2789A4-5CC8-4818-B6E8-8502E87F99EF}.Debug|Any CPU.Build.0 = Debug|Any CPU
		{EB2789A4-5CC8-4818-B6E8-8502E87F99EF}.Debug|x64.ActiveCfg = Debug|Any CPU
		{EB2789A4-5CC8-4818-B6E8-8502E87F99EF}.Debug|x64.Build.0 = Debug|Any CPU
		{EB2789A4-5CC8-4818-B6E8-8502E87F99EF}.Debug|x86.ActiveCfg = Debug|Any CPU
		{EB2789A4-5CC8-4818-B6E8-8502E87F99EF}.Debug|x86.Build.0 = Debug|Any CPU
		{EB2789A4-5CC8-4818-B6E8-8502E87F99EF}.Karate|Any CPU.ActiveCfg = Debug|Any CPU
		{EB2789A4-5CC8-4818-B6E8-8502E87F99EF}.Karate|Any CPU.Build.0 = Debug|Any CPU
		{EB2789A4-5CC8-4818-B6E8-8502E87F99EF}.Karate|x64.ActiveCfg = Debug|Any CPU
		{EB2789A4-5CC8-4818-B6E8-8502E87F99EF}.Karate|x64.Build.0 = Debug|Any CPU
		{EB2789A4-5CC8-4818-B6E8-8502E87F99EF}.Karate|x86.ActiveCfg = Debug|Any CPU
		{EB2789A4-5CC8-4818-B6E8-8502E87F99EF}.Karate|x86.Build.0 = Debug|Any CPU
		{EB2789A4-5CC8-4818-B6E8-8502E87F99EF}.Release|Any CPU.ActiveCfg = Release|Any CPU
		{EB2789A4-5CC8-4818-B6E8-8502E87F99EF}.Release|Any CPU.Build.0 = Release|Any CPU
		{EB2789A4-5CC8-4818-B6E8-8502E87F99EF}.Release|x64.ActiveCfg = Release|Any CPU
		{EB2789A4-5CC8-4818-B6E8-8502E87F99EF}.Release|x64.Build.0 = Release|Any CPU
		{EB2789A4-5CC8-4818-B6E8-8502E87F99EF}.Release|x86.ActiveCfg = Release|Any CPU
		{EB2789A4-5CC8-4818-B6E8-8502E87F99EF}.Release|x86.Build.0 = Release|Any CPU
		{F154DB75-17CA-4905-A4E6-E0DA7A893CE6}.Debug|Any CPU.ActiveCfg = Debug|Any CPU
		{F154DB75-17CA-4905-A4E6-E0DA7A893CE6}.Debug|Any CPU.Build.0 = Debug|Any CPU
		{F154DB75-17CA-4905-A4E6-E0DA7A893CE6}.Debug|x64.ActiveCfg = Debug|Any CPU
		{F154DB75-17CA-4905-A4E6-E0DA7A893CE6}.Debug|x64.Build.0 = Debug|Any CPU
		{F154DB75-17CA-4905-A4E6-E0DA7A893CE6}.Debug|x86.ActiveCfg = Debug|Any CPU
		{F154DB75-17CA-4905-A4E6-E0DA7A893CE6}.Debug|x86.Build.0 = Debug|Any CPU
		{F154DB75-17CA-4905-A4E6-E0DA7A893CE6}.Karate|Any CPU.ActiveCfg = Debug|Any CPU
		{F154DB75-17CA-4905-A4E6-E0DA7A893CE6}.Karate|Any CPU.Build.0 = Debug|Any CPU
		{F154DB75-17CA-4905-A4E6-E0DA7A893CE6}.Karate|x64.ActiveCfg = Debug|Any CPU
		{F154DB75-17CA-4905-A4E6-E0DA7A893CE6}.Karate|x64.Build.0 = Debug|Any CPU
		{F154DB75-17CA-4905-A4E6-E0DA7A893CE6}.Karate|x86.ActiveCfg = Debug|Any CPU
		{F154DB75-17CA-4905-A4E6-E0DA7A893CE6}.Karate|x86.Build.0 = Debug|Any CPU
		{F154DB75-17CA-4905-A4E6-E0DA7A893CE6}.Release|Any CPU.ActiveCfg = Release|Any CPU
		{F154DB75-17CA-4905-A4E6-E0DA7A893CE6}.Release|Any CPU.Build.0 = Release|Any CPU
		{F154DB75-17CA-4905-A4E6-E0DA7A893CE6}.Release|x64.ActiveCfg = Release|Any CPU
		{F154DB75-17CA-4905-A4E6-E0DA7A893CE6}.Release|x64.Build.0 = Release|Any CPU
		{F154DB75-17CA-4905-A4E6-E0DA7A893CE6}.Release|x86.ActiveCfg = Release|Any CPU
		{F154DB75-17CA-4905-A4E6-E0DA7A893CE6}.Release|x86.Build.0 = Release|Any CPU
		{AA62A687-D158-40E7-9AD0-EB260925F071}.Debug|Any CPU.ActiveCfg = Debug|Any CPU
		{AA62A687-D158-40E7-9AD0-EB260925F071}.Debug|Any CPU.Build.0 = Debug|Any CPU
		{AA62A687-D158-40E7-9AD0-EB260925F071}.Debug|x64.ActiveCfg = Debug|Any CPU
		{AA62A687-D158-40E7-9AD0-EB260925F071}.Debug|x64.Build.0 = Debug|Any CPU
		{AA62A687-D158-40E7-9AD0-EB260925F071}.Debug|x86.ActiveCfg = Debug|Any CPU
		{AA62A687-D158-40E7-9AD0-EB260925F071}.Debug|x86.Build.0 = Debug|Any CPU
		{AA62A687-D158-40E7-9AD0-EB260925F071}.Karate|Any CPU.ActiveCfg = Debug|Any CPU
		{AA62A687-D158-40E7-9AD0-EB260925F071}.Karate|Any CPU.Build.0 = Debug|Any CPU
		{AA62A687-D158-40E7-9AD0-EB260925F071}.Karate|x64.ActiveCfg = Debug|Any CPU
		{AA62A687-D158-40E7-9AD0-EB260925F071}.Karate|x64.Build.0 = Debug|Any CPU
		{AA62A687-D158-40E7-9AD0-EB260925F071}.Karate|x86.ActiveCfg = Debug|Any CPU
		{AA62A687-D158-40E7-9AD0-EB260925F071}.Karate|x86.Build.0 = Debug|Any CPU
		{AA62A687-D158-40E7-9AD0-EB260925F071}.Release|Any CPU.ActiveCfg = Release|Any CPU
		{AA62A687-D158-40E7-9AD0-EB260925F071}.Release|Any CPU.Build.0 = Release|Any CPU
		{AA62A687-D158-40E7-9AD0-EB260925F071}.Release|x64.ActiveCfg = Release|Any CPU
		{AA62A687-D158-40E7-9AD0-EB260925F071}.Release|x64.Build.0 = Release|Any CPU
		{AA62A687-D158-40E7-9AD0-EB260925F071}.Release|x86.ActiveCfg = Release|Any CPU
		{AA62A687-D158-40E7-9AD0-EB260925F071}.Release|x86.Build.0 = Release|Any CPU
	EndGlobalSection
	GlobalSection(SolutionProperties) = preSolution
		HideSolutionNode = FALSE
	EndGlobalSection
	GlobalSection(ExtensibilityGlobals) = postSolution
		SolutionGuid = {6A408360-101A-4FC7-9434-21016090731F}
	EndGlobalSection
	GlobalSection(NestedProjects) = preSolution
		{9F25DE8E-5F04-42E1-8F7E-1F9BBE7DEE3A} = {01BBE2D8-23F7-497A-B62B-90400DEAD450}
		{5FAF045A-3BC8-42F8-A024-E52417E473C8} = {9F25DE8E-5F04-42E1-8F7E-1F9BBE7DEE3A}
	EndGlobalSection
EndGlobal
