
Microsoft Visual Studio Solution File, Format Version 12.00
Project("{FAE04EC0-301F-11D3-BF4B-00C04F79EFBC}") = "CredentialCheckerCli", "CredentialCheckerCli\CredentialCheckerCli.csproj", "{61250E5C-D659-4B54-8E23-49CABE7B6950}"
EndProject
Project("{FAE04EC0-301F-11D3-BF4B-00C04F79EFBC}") = "CredentialCheckerCli.Tests", "CredentialCheckerCli.Tests\CredentialCheckerCli.Tests.csproj", "{EBDEC44E-E167-4D1A-AB99-831EBC6F5E12}"
EndProject
Global
	GlobalSection(SolutionConfigurationPlatforms) = preSolution
		Debug|Any CPU = Debug|Any CPU
		Release|Any CPU = Release|Any CPU
	EndGlobalSection
	GlobalSection(ProjectConfigurationPlatforms) = postSolution
		{61250E5C-D659-4B54-8E23-49CABE7B6950}.Debug|Any CPU.ActiveCfg = Debug|Any CPU
		{61250E5C-D659-4B54-8E23-49CABE7B6950}.Debug|Any CPU.Build.0 = Debug|Any CPU
		{61250E5C-D659-4B54-8E23-49CABE7B6950}.Release|Any CPU.ActiveCfg = Release|Any CPU
		{61250E5C-D659-4B54-8E23-49CABE7B6950}.Release|Any CPU.Build.0 = Release|Any CPU
		{EBDEC44E-E167-4D1A-AB99-831EBC6F5E12}.Debug|Any CPU.ActiveCfg = Debug|Any CPU
		{EBDEC44E-E167-4D1A-AB99-831EBC6F5E12}.Debug|Any CPU.Build.0 = Debug|Any CPU
		{EBDEC44E-E167-4D1A-AB99-831EBC6F5E12}.Release|Any CPU.ActiveCfg = Release|Any CPU
		{EBDEC44E-E167-4D1A-AB99-831EBC6F5E12}.Release|Any CPU.Build.0 = Release|Any CPU
	EndGlobalSection
EndGlobal
