
Microsoft Visual Studio Solution File, Format Version 12.00
Project("{FAE04EC0-301F-11D3-BF4B-00C04F79EFBC}") = "IrisPoc", "IrisPoc\IrisPoc.csproj", "{52C468B2-A869-4AF1-98E8-126F71DD1093}"
EndProject
Project("{2150E333-8FDC-42A3-9474-1A3956D46DE8}") = "SolutionItems", "SolutionItems", "{7D7437EE-2460-41E8-8451-125FC6DD0D00}"
	ProjectSection(SolutionItems) = preProject
		Images\Left-1.jpg = Images\Left-1.jpg
		Images\Right-1.jpg = Images\Right-1.jpg
	EndProjectSection
EndProject
Global
	GlobalSection(SolutionConfigurationPlatforms) = preSolution
		Debug|Any CPU = Debug|Any CPU
		Release|Any CPU = Release|Any CPU
	EndGlobalSection
	GlobalSection(ProjectConfigurationPlatforms) = postSolution
		{52C468B2-A869-4AF1-98E8-126F71DD1093}.Debug|Any CPU.ActiveCfg = Debug|Any CPU
		{52C468B2-A869-4AF1-98E8-126F71DD1093}.Debug|Any CPU.Build.0 = Debug|Any CPU
		{52C468B2-A869-4AF1-98E8-126F71DD1093}.Release|Any CPU.ActiveCfg = Release|Any CPU
		{52C468B2-A869-4AF1-98E8-126F71DD1093}.Release|Any CPU.Build.0 = Release|Any CPU
	EndGlobalSection
EndGlobal
